// !$*UTF8*$!
{
	archiveVersion = 1;
	classes = {
	};
	objectVersion = 77;
	objects = {

/* Begin PBXContainerItemProxy section */
		AAC5F1C32EB9C8F300F28F0D /* PBXContainerItemProxy */ = {
			isa = PBXContainerItemProxy;
			containerPortal = AAC5F1AB2EB9C8F100F28F0D /* Project object */;
			proxyType = 1;
			remoteGlobalIDString = AAC5F1B22EB9C8F100F28F0D;
			remoteInfo = Gatherly;
		};
		AAC5F1CD2EB9C8F300F28F0D /* PBXContainerItemProxy */ = {
			isa = PBXContainerItemProxy;
			containerPortal = AAC5F1AB2EB9C8F100F28F0D /* Project object */;
			proxyType = 1;
			remoteGlobalIDString = AAC5F1B22EB9C8F100F28F0D;
			remoteInfo = Gatherly;
		};
/* End PBXContainerItemProxy section */

/* Begin PBXFileReference section */
		AAC5F1B32EB9C8F100F28F0D /* Gatherly.app */ = {isa = PBXFileReference; explicitFileType = wrapper.application; includeInIndex = 0; path = Gatherly.app; sourceTree = BUILT_PRODUCTS_DIR; };
		AAC5F1C22EB9C8F300F28F0D /* GatherlyTests.xctest */ = {isa = PBXFileReference; explicitFileType = wrapper.cfbundle; includeInIndex = 0; path = GatherlyTests.xctest; sourceTree = BUILT_PRODUCTS_DIR; };
		AAC5F1CC2EB9C8F300F28F0D /* GatherlyUITests.xctest */ = {isa = PBXFileReference; explicitFileType = wrapper.cfbundle; includeInIndex = 0; path = GatherlyUITests.xctest; sourceTree = BUILT_PRODUCTS_DIR; };
		AAC5F2372EB9CC7F00F28F0D /* Gatherly.xcodeproj */ = {isa = PBXFileReference; lastKnownFileType = "wrapper.pb-project"; path = Gatherly.xcodeproj; sourceTree = "<group>"; };
/* End PBXFileReference section */

/* Begin PBXFileSystemSynchronizedRootGroup section */
		AAC5F1B52EB9C8F100F28F0D /* Gatherly */ = {
			isa = PBXFileSystemSynchronizedRootGroup;
			path = Gatherly;
			sourceTree = "<group>";
		};
		AAC5F1C52EB9C8F300F28F0D /* GatherlyTests */ = {
			isa = PBXFileSystemSynchronizedRootGroup;
			path = GatherlyTests;
			sourceTree = "<group>";
		};
		AAC5F1CF2EB9C8F300F28F0D /* GatherlyUITests */ = {
			isa = PBXFileSystemSynchronizedRootGroup;
			path = GatherlyUITests;
			sourceTree = "<group>";
		};
/* End PBXFileSystemSynchronizedRootGroup section */

/* Begin PBXFrameworksBuildPhase section */
		AAC5F1B02EB9C8F100F28F0D /* Frameworks */ = {
			isa = PBXFrameworksBuildPhase;
			buildActionMask = 2147483647;
			files = (
			);
			runOnlyForDeploymentPostprocessing = 0;
		};
		AAC5F1BF2EB9C8F300F28F0D /* Frameworks */ = {
			isa = PBXFrameworksBuildPhase;
			buildActionMask = 2147483647;
			files = (
			);
			runOnlyForDeploymentPostprocessing = 0;
		};
		AAC5F1C92EB9C8F300F28F0D /* Frameworks */ = {
			isa = PBXFrameworksBuildPhase;
			buildActionMask = 2147483647;
			files = (
			);
			runOnlyForDeploymentPostprocessing = 0;
		};
/* End PBXFrameworksBuildPhase section */

/* Begin PBXGroup section */
		AAC5F1AA2EB9C8F100F28F0D = {
			isa = PBXGroup;
			children = (
				AAC5F1B52EB9C8F100F28F0D /* Gatherly */,
				AAC5F1C52EB9C8F300F28F0D /* GatherlyTests */,
				AAC5F1CF2EB9C8F300F28F0D /* GatherlyUITests */,
				AAC5F1B42EB9C8F100F28F0D /* Products */,
			);
			sourceTree = "<group>";
		};
		AAC5F1B42EB9C8F100F28F0D /* Products */ = {
			isa = PBXGroup;
			children = (
				AAC5F1B32EB9C8F100F28F0D /* Gatherly.app */,
				AAC5F1C22EB9C8F300F28F0D /* GatherlyTests.xctest */,
				AAC5F1CC2EB9C8F300F28F0D /* GatherlyUITests.xctest */,
			);
			name = Products;
			sourceTree = "<group>";
		};
		AAC5F2382EB9CC7F00F28F0D /* Products */ = {
			isa = PBXGroup;
			children = (
			);
			name = Products;
			sourceTree = "<group>";
		};
/* End PBXGroup section */

/* Begin PBXNativeTarget section */
		AAC5F1B22EB9C8F100F28F0D /* Gatherly */ = {
			isa = PBXNativeTarget;
			buildConfigurationList = AAC5F1D62EB9C8F300F28F0D /* Build configuration list for PBXNativeTarget "Gatherly" */;
			buildPhases = (
				AAC5F1AF2EB9C8F100F28F0D /* Sources */,
				AAC5F1B02EB9C8F100F28F0D /* Frameworks */,
				AAC5F1B12EB9C8F100F28F0D /* Resources */,
			);
			buildRules = (
			);
			dependencies = (
			);
			fileSystemSynchronizedGroups = (
				AAC5F1B52EB9C8F100F28F0D /* Gatherly */,
			);
			name = Gatherly;
			packageProductDependencies = (
			);
			productName = Gatherly;
			productReference = AAC5F1B32EB9C8F100F28F0D /* Gatherly.app */;
			productType = "com.apple.product-type.application";
		};
		AAC5F1C12EB9C8F300F28F0D /* GatherlyTests */ = {
			isa = PBXNativeTarget;
			buildConfigurationList = AAC5F1D92EB9C8F300F28F0D /* Build configuration list for PBXNativeTarget "GatherlyTests" */;
			buildPhases = (
				AAC5F1BE2EB9C8F300F28F0D /* Sources */,
				AAC5F1BF2EB9C8F300F28F0D /* Frameworks */,
				AAC5F1C02EB9C8F300F28F0D /* Resources */,
			);
			buildRules = (
			);
			dependencies = (
				AAC5F1C42EB9C8F300F28F0D /* PBXTargetDependency */,
			);
			fileSystemSynchronizedGroups = (
				AAC5F1C52EB9C8F300F28F0D /* GatherlyTests */,
			);
			name = GatherlyTests;
			packageProductDependencies = (
			);
			productName = GatherlyTests;
			productReference = AAC5F1C22EB9C8F300F28F0D /* GatherlyTests.xctest */;
			productType = "com.apple.product-type.bundle.unit-test";
		};
		AAC5F1CB2EB9C8F300F28F0D /* GatherlyUITests */ = {
			isa = PBXNativeTarget;
			buildConfigurationList = AAC5F1DC2EB9C8F300F28F0D /* Build configuration list for PBXNativeTarget "GatherlyUITests" */;
			buildPhases = (
				AAC5F1C82EB9C8F300F28F0D /* Sources */,
				AAC5F1C92EB9C8F300F28F0D /* Frameworks */,
				AAC5F1CA2EB9C8F300F28F0D /* Resources */,
			);
			buildRules = (
			);
			dependencies = (
				AAC5F1CE2EB9C8F300F28F0D /* PBXTargetDependency */,
			);
			fileSystemSynchronizedGroups = (
				AAC5F1CF2EB9C8F300F28F0D /* GatherlyUITests */,
			);
			name = GatherlyUITests;
			packageProductDependencies = (
			);
			productName = GatherlyUITests;
			productReference = AAC5F1CC2EB9C8F300F28F0D /* GatherlyUITests.xctest */;
			productType = "com.apple.product-type.bundle.ui-testing";
		};
/* End PBXNativeTarget section */

/* Begin PBXProject section */
		AAC5F1AB2EB9C8F100F28F0D /* Project object */ = {
			isa = PBXProject;
			attributes = {
				BuildIndependentTargetsInParallel = 1;
				LastSwiftUpdateCheck = 2600;
				LastUpgradeCheck = 2600;
				TargetAttributes = {
					AAC5F1B22EB9C8F100F28F0D = {
						CreatedOnToolsVersion = 26.0.1;
					};
					AAC5F1C12EB9C8F300F28F0D = {
						CreatedOnToolsVersion = 26.0.1;
						TestTargetID = AAC5F1B22EB9C8F100F28F0D;
					};
					AAC5F1CB2EB9C8F300F28F0D = {
						CreatedOnToolsVersion = 26.0.1;
						TestTargetID = AAC5F1B22EB9C8F100F28F0D;
					};
				};
			};
			buildConfigurationList = AAC5F1AE2EB9C8F100F28F0D /* Build configuration list for PBXProject "Gatherly" */;
			developmentRegion = en;
			hasScannedForEncodings = 0;
			knownRegions = (
				en,
				Base,
			);
			mainGroup = AAC5F1AA2EB9C8F100F28F0D;
			minimizedProjectReferenceProxies = 1;
			preferredProjectObjectVersion = 77;
			productRefGroup = AAC5F1B42EB9C8F100F28F0D /* Products */;
			projectDirPath = "";
			projectReferences = (
				{
					ProductGroup = AAC5F2382EB9CC7F00F28F0D /* Products */;
					ProjectRef = AAC5F2372EB9CC7F00F28F0D /* Gatherly.xcodeproj */;
				},
			);
			projectRoot = "";
			targets = (
				AAC5F1B22EB9C8F100F28F0D /* Gatherly */,
				AAC5F1C12EB9C8F300F28F0D /* GatherlyTests */,
				AAC5F1CB2EB9C8F300F28F0D /* GatherlyUITests */,
			);
		};
/* End PBXProject section */

/* Begin PBXResourcesBuildPhase section */
		AAC5F1B12EB9C8F100F28F0D /* Resources */ = {
			isa = PBXResourcesBuildPhase;
			buildActionMask = 2147483647;
			files = (
			);
			runOnlyForDeploymentPostprocessing = 0;
		};
		AAC5F1C02EB9C8F300F28F0D /* Resources */ = {
			isa = PBXResourcesBuildPhase;
			buildActionMask = 2147483647;
			files = (
			);
			runOnlyForDeploymentPostprocessing = 0;
		};
		AAC5F1CA2EB9C8F300F28F0D /* Resources */ = {
			isa = PBXResourcesBuildPhase;
			buildActionMask = 2147483647;
			files = (
			);
			runOnlyForDeploymentPostprocessing = 0;
		};
/* End PBXResourcesBuildPhase section */

/* Begin PBXSourcesBuildPhase section */
		AAC5F1AF2EB9C8F100F28F0D /* Sources */ = {
			isa = PBXSourcesBuildPhase;
			buildActionMask = 2147483647;
			files = (
			);
			runOnlyForDeploymentPostprocessing = 0;
		};
		AAC5F1BE2EB9C8F300F28F0D /* Sources */ = {
			isa = PBXSourcesBuildPhase;
			buildActionMask = 2147483647;
			files = (
			);
			runOnlyForDeploymentPostprocessing = 0;
		};
		AAC5F1C82EB9C8F300F28F0D /* Sources */ = {
			isa = PBXSourcesBuildPhase;
			buildActionMask = 2147483647;
			files = (
			);
			runOnlyForDeploymentPostprocessing = 0;
		};
/* End PBXSourcesBuildPhase section */

/* Begin PBXTargetDependency section */
		AAC5F1C42EB9C8F300F28F0D /* PBXTargetDependency */ = {
			isa = PBXTargetDependency;
			target = AAC5F1B22EB9C8F100F28F0D /* Gatherly */;
			targetProxy = AAC5F1C32EB9C8F300F28F0D /* PBXContainerItemProxy */;
		};
		AAC5F1CE2EB9C8F300F28F0D /* PBXTargetDependency */ = {
			isa = PBXTargetDependency;
			target = AAC5F1B22EB9C8F100F28F0D /* Gatherly */;
			targetProxy = AAC5F1CD2EB9C8F300F28F0D /* PBXContainerItemProxy */;
		};
/* End PBXTargetDependency section */

/* Begin XCBuildConfiguration section */
		AAC5F1D42EB9C8F300F28F0D /* Debug */ = {
			isa = XCBuildConfiguration;
			buildSettings = {
				ALWAYS_SEARCH_USER_PATHS = NO;
				ASSETCATALOG_COMPILER_GENERATE_SWIFT_ASSET_SYMBOL_EXTENSIONS = YES;
				CLANG_ANALYZER_NONNULL = YES;
				CLANG_ANALYZER_NUMBER_OBJECT_CONVERSION = YES_AGGRESSIVE;
				CLANG_CXX_LANGUAGE_STANDARD = "gnu++20";
				CLANG_ENABLE_MODULES = YES;
				CLANG_ENABLE_OBJC_ARC = YES;
				CLANG_ENABLE_OBJC_WEAK = YES;
				CLANG_WARN_BLOCK_CAPTURE_AUTORELEASING = YES;
				CLANG_WARN_BOOL_CONVERSION = YES;
				CLANG_WARN_COMMA = YES;
				CLANG_WARN_CONSTANT_CONVERSION = YES;
				CLANG_WARN_DEPRECATED_OBJC_IMPLEMENTATIONS = YES;
				CLANG_WARN_DIRECT_OBJC_ISA_USAGE = YES_ERROR;
				CLANG_WARN_DOCUMENTATION_COMMENTS = YES;
				CLANG_WARN_EMPTY_BODY = YES;
				CLANG_WARN_ENUM_CONVERSION = YES;
				CLANG_WARN_INFINITE_RECURSION = YES;
				CLANG_WARN_INT_CONVERSION = YES;
				CLANG_WARN_NON_LITERAL_NULL_CONVERSION = YES;
				CLANG_WARN_OBJC_IMPLICIT_RETAIN_SELF = YES;
				CLANG_WARN_OBJC_LITERAL_CONVERSION = YES;
				CLANG_WARN_OBJC_ROOT_CLASS = YES_ERROR;
				CLANG_WARN_QUOTED_INCLUDE_IN_FRAMEWORK_HEADER = YES;
				CLANG_WARN_RANGE_LOOP_ANALYSIS = YES;
				CLANG_WARN_STRICT_PROTOTYPES = YES;
				CLANG_WARN_SUSPICIOUS_MOVE = YES;
				CLANG_WARN_UNGUARDED_AVAILABILITY = YES_AGGRESSIVE;
				CLANG_WARN_UNREACHABLE_CODE = YES;
				CLANG_WARN__DUPLICATE_METHOD_MATCH = YES;
				COPY_PHASE_STRIP = NO;
				DEBUG_INFORMATION_FORMAT = dwarf;
				DEVELOPMENT_TEAM = 78S25GHY5L;
				ENABLE_STRICT_OBJC_MSGSEND = YES;
				ENABLE_TESTABILITY = YES;
				ENABLE_USER_SCRIPT_SANDBOXING = YES;
				GCC_C_LANGUAGE_STANDARD = gnu17;
				GCC_DYNAMIC_NO_PIC = NO;
				GCC_NO_COMMON_BLOCKS = YES;
				GCC_OPTIMIZATION_LEVEL = 0;
				GCC_PREPROCESSOR_DEFINITIONS = (
					"DEBUG=1",
					"$(inherited)",
				);
				GCC_WARN_64_TO_32_BIT_CONVERSION = YES;
				GCC_WARN_ABOUT_RETURN_TYPE = YES_ERROR;
				GCC_WARN_UNDECLARED_SELECTOR = YES;
				GCC_WARN_UNINITIALIZED_AUTOS = YES_AGGRESSIVE;
				GCC_WARN_UNUSED_FUNCTION = YES;
				GCC_WARN_UNUSED_VARIABLE = YES;
				IPHONEOS_DEPLOYMENT_TARGET = 26.0;
				LOCALIZATION_PREFERS_STRING_CATALOGS = YES;
				MTL_ENABLE_DEBUG_INFO = INCLUDE_SOURCE;
				MTL_FAST_MATH = YES;
				ONLY_ACTIVE_ARCH = YES;
				SDKROOT = iphoneos;
				SWIFT_ACTIVE_COMPILATION_CONDITIONS = "DEBUG $(inherited)";
				SWIFT_OPTIMIZATION_LEVEL = "-Onone";
			};
			name = Debug;
		};
		AAC5F1D52EB9C8F300F28F0D /* Release */ = {
			isa = XCBuildConfiguration;
			buildSettings = {
				ALWAYS_SEARCH_USER_PATHS = NO;
				ASSETCATALOG_COMPILER_GENERATE_SWIFT_ASSET_SYMBOL_EXTENSIONS = YES;
				CLANG_ANALYZER_NONNULL = YES;
				CLANG_ANALYZER_NUMBER_OBJECT_CONVERSION = YES_AGGRESSIVE;
				CLANG_CXX_LANGUAGE_STANDARD = "gnu++20";
				CLANG_ENABLE_MODULES = YES;
				CLANG_ENABLE_OBJC_ARC = YES;
				CLANG_ENABLE_OBJC_WEAK = YES;
				CLANG_WARN_BLOCK_CAPTURE_AUTORELEASING = YES;
				CLANG_WARN_BOOL_CONVERSION = YES;
				CLANG_WARN_COMMA = YES;
				CLANG_WARN_CONSTANT_CONVERSION = YES;
				CLANG_WARN_DEPRECATED_OBJC_IMPLEMENTATIONS = YES;
				CLANG_WARN_DIRECT_OBJC_ISA_USAGE = YES_ERROR;
				CLANG_WARN_DOCUMENTATION_COMMENTS = YES;
				CLANG_WARN_EMPTY_BODY = YES;
				CLANG_WARN_ENUM_CONVERSION = YES;
				CLANG_WARN_INFINITE_RECURSION = YES;
				CLANG_WARN_INT_CONVERSION = YES;
				CLANG_WARN_NON_LITERAL_NULL_CONVERSION = YES;
				CLANG_WARN_OBJC_IMPLICIT_RETAIN_SELF = YES;
				CLANG_WARN_OBJC_LITERAL_CONVERSION = YES;
				CLANG_WARN_OBJC_ROOT_CLASS = YES_ERROR;
				CLANG_WARN_QUOTED_INCLUDE_IN_FRAMEWORK_HEADER = YES;
				CLANG_WARN_RANGE_LOOP_ANALYSIS = YES;
				CLANG_WARN_STRICT_PROTOTYPES = YES;
				CLANG_WARN_SUSPICIOUS_MOVE = YES;
				CLANG_WARN_UNGUARDED_AVAILABILITY = YES_AGGRESSIVE;
				CLANG_WARN_UNREACHABLE_CODE = YES;
				CLANG_WARN__DUPLICATE_METHOD_MATCH = YES;
				COPY_PHASE_STRIP = NO;
				DEBUG_INFORMATION_FORMAT = "dwarf-with-dsym";
				DEVELOPMENT_TEAM = 78S25GHY5L;
				ENABLE_NS_ASSERTIONS = NO;
				ENABLE_STRICT_OBJC_MSGSEND = YES;
				ENABLE_USER_SCRIPT_SANDBOXING = YES;
				GCC_C_LANGUAGE_STANDARD = gnu17;
				GCC_NO_COMMON_BLOCKS = YES;
				GCC_WARN_64_TO_32_BIT_CONVERSION = YES;
				GCC_WARN_ABOUT_RETURN_TYPE = YES_ERROR;
				GCC_WARN_UNDECLARED_SELECTOR = YES;
				GCC_WARN_UNINITIALIZED_AUTOS = YES_AGGRESSIVE;
				GCC_WARN_UNUSED_FUNCTION = YES;
				GCC_WARN_UNUSED_VARIABLE = YES;
				IPHONEOS_DEPLOYMENT_TARGET = 26.0;
				LOCALIZATION_PREFERS_STRING_CATALOGS = YES;
				MTL_ENABLE_DEBUG_INFO = NO;
				MTL_FAST_MATH = YES;
				SDKROOT = iphoneos;
				SWIFT_COMPILATION_MODE = wholemodule;
				VALIDATE_PRODUCT = YES;
			};
			name = Release;
		};
		AAC5F1D72EB9C8F300F28F0D /* Debug */ = {
			isa = XCBuildConfiguration;
			buildSettings = {
				ASSETCATALOG_COMPILER_APPICON_NAME = AppIcon;
				ASSETCATALOG_COMPILER_GLOBAL_ACCENT_COLOR_NAME = AccentColor;
				CODE_SIGN_STYLE = Automatic;
				CURRENT_PROJECT_VERSION = 1;
				DEVELOPMENT_TEAM = 78S25GHY5L;
				ENABLE_PREVIEWS = YES;
				GENERATE_INFOPLIST_FILE = YES;
				INFOPLIST_KEY_UIApplicationSceneManifest_Generation = YES;
				INFOPLIST_KEY_UIApplicationSupportsIndirectInputEvents = YES;
				INFOPLIST_KEY_UILaunchScreen_Generation = YES;
				INFOPLIST_KEY_UISupportedInterfaceOrientations_iPad = "UIInterfaceOrientationPortrait UIInterfaceOrientationPortraitUpsideDown UIInterfaceOrientationLandscapeLeft UIInterfaceOrientationLandscapeRight";
				INFOPLIST_KEY_UISupportedInterfaceOrientations_iPhone = "UIInterfaceOrientationPortrait UIInterfaceOrientationLandscapeLeft UIInterfaceOrientationLandscapeRight";
				LD_RUNPATH_SEARCH_PATHS = (
					"$(inherited)",
					"@executable_path/Frameworks",
				);
				MARKETING_VERSION = 1.0;
				PRODUCT_BUNDLE_IDENTIFIER = Francesca.Gatherly;
				PRODUCT_NAME = "$(TARGET_NAME)";
				STRING_CATALOG_GENERATE_SYMBOLS = YES;
				SWIFT_APPROACHABLE_CONCURRENCY = YES;
				SWIFT_DEFAULT_ACTOR_ISOLATION = MainActor;
				SWIFT_EMIT_LOC_STRINGS = YES;
				SWIFT_UPCOMING_FEATURE_MEMBER_IMPORT_VISIBILITY = YES;
				SWIFT_VERSION = 5.0;
				TARGETED_DEVICE_FAMILY = "1,2";
			};
			name = Debug;
		};
		AAC5F1D82EB9C8F300F28F0D /* Release */ = {
			isa = XCBuildConfiguration;
			buildSettings = {
				ASSETCATALOG_COMPILER_APPICON_NAME = AppIcon;
				ASSETCATALOG_COMPILER_GLOBAL_ACCENT_COLOR_NAME = AccentColor;
				CODE_SIGN_STYLE = Automatic;
				CURRENT_PROJECT_VERSION = 1;
				DEVELOPMENT_TEAM = 78S25GHY5L;
				ENABLE_PREVIEWS = YES;
				GENERATE_INFOPLIST_FILE = YES;
				INFOPLIST_KEY_UIApplicationSceneManifest_Generation = YES;
				INFOPLIST_KEY_UIApplicationSupportsIndirectInputEvents = YES;
				INFOPLIST_KEY_UILaunchScreen_Generation = YES;
				INFOPLIST_KEY_UISupportedInterfaceOrientations_iPad = "UIInterfaceOrientationPortrait UIInterfaceOrientationPortraitUpsideDown UIInterfaceOrientationLandscapeLeft UIInterfaceOrientationLandscapeRight";
				INFOPLIST_KEY_UISupportedInterfaceOrientations_iPhone = "UIInterfaceOrientationPortrait UIInterfaceOrientationLandscapeLeft UIInterfaceOrientationLandscapeRight";
				LD_RUNPATH_SEARCH_PATHS = (
					"$(inherited)",
					"@executable_path/Frameworks",
				);
				MARKETING_VERSION = 1.0;
				PRODUCT_BUNDLE_IDENTIFIER = Francesca.Gatherly;
				PRODUCT_NAME = "$(TARGET_NAME)";
				STRING_CATALOG_GENERATE_SYMBOLS = YES;
				SWIFT_APPROACHABLE_CONCURRENCY = YES;
				SWIFT_DEFAULT_ACTOR_ISOLATION = MainActor;
				SWIFT_EMIT_LOC_STRINGS = YES;
				SWIFT_UPCOMING_FEATURE_MEMBER_IMPORT_VISIBILITY = YES;
				SWIFT_VERSION = 5.0;
				TARGETED_DEVICE_FAMILY = "1,2";
			};
			name = Release;
		};
		AAC5F1DA2EB9C8F300F28F0D /* Debug */ = {
			isa = XCBuildConfiguration;
			buildSettings = {
				BUNDLE_LOADER = "$(TEST_HOST)";
				CODE_SIGN_STYLE = Automatic;
				CURRENT_PROJECT_VERSION = 1;
				DEVELOPMENT_TEAM = 78S25GHY5L;
				GENERATE_INFOPLIST_FILE = YES;
				IPHONEOS_DEPLOYMENT_TARGET = 26.0;
				MARKETING_VERSION = 1.0;
				PRODUCT_BUNDLE_IDENTIFIER = Francesca.GatherlyTests;
				PRODUCT_NAME = "$(TARGET_NAME)";
				STRING_CATALOG_GENERATE_SYMBOLS = NO;
				SWIFT_APPROACHABLE_CONCURRENCY = YES;
				SWIFT_EMIT_LOC_STRINGS = NO;
				SWIFT_UPCOMING_FEATURE_MEMBER_IMPORT_VISIBILITY = YES;
				SWIFT_VERSION = 5.0;
				TARGETED_DEVICE_FAMILY = "1,2";
				TEST_HOST = "$(BUILT_PRODUCTS_DIR)/Gatherly.app/$(BUNDLE_EXECUTABLE_FOLDER_PATH)/Gatherly";
			};
			name = Debug;
		};
		AAC5F1DB2EB9C8F300F28F0D /* Release */ = {
			isa = XCBuildConfiguration;
			buildSettings = {
				BUNDLE_LOADER = "$(TEST_HOST)";
				CODE_SIGN_STYLE = Automatic;
				CURRENT_PROJECT_VERSION = 1;
				DEVELOPMENT_TEAM = 78S25GHY5L;
				GENERATE_INFOPLIST_FILE = YES;
				IPHONEOS_DEPLOYMENT_TARGET = 26.0;
				MARKETING_VERSION = 1.0;
				PRODUCT_BUNDLE_IDENTIFIER = Francesca.GatherlyTests;
				PRODUCT_NAME = "$(TARGET_NAME)";
				STRING_CATALOG_GENERATE_SYMBOLS = NO;
				SWIFT_APPROACHABLE_CONCURRENCY = YES;
				SWIFT_EMIT_LOC_STRINGS = NO;
				SWIFT_UPCOMING_FEATURE_MEMBER_IMPORT_VISIBILITY = YES;
				SWIFT_VERSION = 5.0;
				TARGETED_DEVICE_FAMILY = "1,2";
				TEST_HOST = "$(BUILT_PRODUCTS_DIR)/Gatherly.app/$(BUNDLE_EXECUTABLE_FOLDER_PATH)/Gatherly";
			};
			name = Release;
		};
		AAC5F1DD2EB9C8F300F28F0D /* Debug */ = {
			isa = XCBuildConfiguration;
			buildSettings = {
				CODE_SIGN_STYLE = Automatic;
				CURRENT_PROJECT_VERSION = 1;
				DEVELOPMENT_TEAM = 78S25GHY5L;
				GENERATE_INFOPLIST_FILE = YES;
				MARKETING_VERSION = 1.0;
				PRODUCT_BUNDLE_IDENTIFIER = Francesca.GatherlyUITests;
				PRODUCT_NAME = "$(TARGET_NAME)";
				STRING_CATALOG_GENERATE_SYMBOLS = NO;
				SWIFT_APPROACHABLE_CONCURRENCY = YES;
				SWIFT_EMIT_LOC_STRINGS = NO;
				SWIFT_UPCOMING_FEATURE_MEMBER_IMPORT_VISIBILITY = YES;
				SWIFT_VERSION = 5.0;
				TARGETED_DEVICE_FAMILY = "1,2";
				TEST_TARGET_NAME = Gatherly;
			};
			name = Debug;
		};
		AAC5F1DE2EB9C8F300F28F0D /* Release */ = {
			isa = XCBuildConfiguration;
			buildSettings = {
				CODE_SIGN_STYLE = Automatic;
				CURRENT_PROJECT_VERSION = 1;
				DEVELOPMENT_TEAM = 78S25GHY5L;
				GENERATE_INFOPLIST_FILE = YES;
				MARKETING_VERSION = 1.0;
				PRODUCT_BUNDLE_IDENTIFIER = Francesca.GatherlyUITests;
				PRODUCT_NAME = "$(TARGET_NAME)";
				STRING_CATALOG_GENERATE_SYMBOLS = NO;
				SWIFT_APPROACHABLE_CONCURRENCY = YES;
				SWIFT_EMIT_LOC_STRINGS = NO;
				SWIFT_UPCOMING_FEATURE_MEMBER_IMPORT_VISIBILITY = YES;
				SWIFT_VERSION = 5.0;
				TARGETED_DEVICE_FAMILY = "1,2";
				TEST_TARGET_NAME = Gatherly;
			};
			name = Release;
		};
/* End XCBuildConfiguration section */

/* Begin XCConfigurationList section */
		AAC5F1AE2EB9C8F100F28F0D /* Build configuration list for PBXProject "Gatherly" */ = {
			isa = XCConfigurationList;
			buildConfigurations = (
				AAC5F1D42EB9C8F300F28F0D /* Debug */,
				AAC5F1D52EB9C8F300F28F0D /* Release */,
			);
			defaultConfigurationIsVisible = 0;
			defaultConfigurationName = Release;
		};
		AAC5F1D62EB9C8F300F28F0D /* Build configuration list for PBXNativeTarget "Gatherly" */ = {
			isa = XCConfigurationList;
			buildConfigurations = (
				AAC5F1D72EB9C8F300F28F0D /* Debug */,
				AAC5F1D82EB9C8F300F28F0D /* Release */,
			);
			defaultConfigurationIsVisible = 0;
			defaultConfigurationName = Release;
		};
		AAC5F1D92EB9C8F300F28F0D /* Build configuration list for PBXNativeTarget "GatherlyTests" */ = {
			isa = XCConfigurationList;
			buildConfigurations = (
				AAC5F1DA2EB9C8F300F28F0D /* Debug */,
				AAC5F1DB2EB9C8F300F28F0D /* Release */,
			);
			defaultConfigurationIsVisible = 0;
			defaultConfigurationName = Release;
		};
		AAC5F1DC2EB9C8F300F28F0D /* Build configuration list for PBXNativeTarget "GatherlyUITests" */ = {
			isa = XCConfigurationList;
			buildConfigurations = (
				AAC5F1DD2EB9C8F300F28F0D /* Debug */,
				AAC5F1DE2EB9C8F300F28F0D /* Release */,
			);
			defaultConfigurationIsVisible = 0;
			defaultConfigurationName = Release;
		};
/* End XCConfigurationList section */
	};
	rootObject = AAC5F1AB2EB9C8F100F28F0D /* Project object */;
}
